{
  "name": "bioquest",
  "lockfileVersion": 2,
  "requires": true,
  "packages": {
    "": {
      "dependencies": {
        "@widgetjs/tree": "^1.8.3"
      }
    },
    "node_modules/@widgetjs/tree": {
      "version": "1.8.3",
      "resolved": "https://registry.npmjs.org/@widgetjs/tree/-/tree-1.8.3.tgz",
      "integrity": "sha512-P2Mh8FVodMBLSB2AGkQYCI8Kjra1b+uDwrS8V7o6EwbkAegqx/dhIyHnDQqhHmqfXyb7TuvQQd0c710EXPhftg=="
    }
  },
  "dependencies": {
    "@widgetjs/tree": {
      "version": "1.8.3",
      "resolved": "https://registry.npmjs.org/@widgetjs/tree/-/tree-1.8.3.tgz",
      "integrity": "sha512-P2Mh8FVodMBLSB2AGkQYCI8Kjra1b+uDwrS8V7o6EwbkAegqx/dhIyHnDQqhHmqfXyb7TuvQQd0c710EXPhftg=="
    }
  }
}
